{
  "name": "openedu-library",
  "version": "0.1.0",
  "lockfileVersion": 3,
  "requires": true,
  "packages": {
    "": {
      "name": "openedu-library",
      "version": "0.1.0",
      "devDependencies": {
        "@open-edu/registry": "^0.1.0",
        "react": "^18.0.0"
      },
      "engines": {
        "node": ">=20"
      }
    },
    "node_modules/@open-edu/logger": {
      "version": "0.1.0",
      "resolved": "https://registry.npmjs.org/@open-edu/logger/-/logger-0.1.0.tgz",
      "integrity": "sha512-ENhosBEQzF2HfS0FI9q6oFAb6d5jgbhJG9wbfveT/EMLdBLeIsXy7Y3aDrH6kABaGP9TNDWW4iBpBQAQxhrbNw==",
      "dev": true,
      "peerDependencies": {
        "react": "^18.0.0"
      },
      "peerDependenciesMeta": {
        "react": {
          "optional": true
        }
      }
    },
    "node_modules/@open-edu/oep-distribution": {
      "version": "0.1.0",
      "resolved": "https://registry.npmjs.org/@open-edu/oep-distribution/-/oep-distribution-0.1.0.tgz",
      "integrity": "sha512-mAMgZ3R/sIewHJ94dBeDaYCQNHdRnQss+6PxKsS4k/y/ct91q+XvdUfRyunzlUz7C/XmcuLtfmeV4v84de2pZg==",
      "dev": true,
      "dependencies": {
        "@open-edu/logger": "0.1.0",
        "@open-edu/schemas": "0.1.0",
        "fflate": "^0.8.2"
      }
    },
    "node_modules/@open-edu/registry": {
      "version": "0.1.0",
      "resolved": "https://registry.npmjs.org/@open-edu/registry/-/registry-0.1.0.tgz",
      "integrity": "sha512-uFIo2krJ/mPvwymqyZaBSIBYnGK7PSr2bL0iBJt2fqAP0ultVk/NUfKHlxlucUKmFAcHVXmBUd76gtyQk8D8lw==",
      "dev": true,
      "dependencies": {
        "@open-edu/oep-distribution": "0.1.0",
        "@open-edu/schemas": "0.1.0"
      },
      "bin": {
        "open-edu-registry": "dist/cli.js"
      },
      "engines": {
        "node": ">=18"
      }
    },
    "node_modules/@open-edu/schemas": {
      "version": "0.1.0",
      "resolved": "https://registry.npmjs.org/@open-edu/schemas/-/schemas-0.1.0.tgz",
      "integrity": "sha512-/I2SfxW1ht0+W7VYczEPk0kRzmQrmvZuBNYQaWoRTpamfNC4QBg+y62ebtWzC/lSkcog0Wn9E4j7tfsYaRpLgQ==",
      "dev": true,
      "dependencies": {
        "zod": "^3.22.0",
        "zod-to-json-schema": "^3.22.0"
      }
    },
    "node_modules/fflate": {
      "version": "0.8.3",
      "resolved": "https://registry.npmjs.org/fflate/-/fflate-0.8.3.tgz",
      "integrity": "sha512-tbZNuJrLwGUp3zshBtdy4W+ORxZuIh8a5ilyIEQDC5rY1f3U20JMry0Ll3WBzU58EZKsEuJFXhb5gwv8CsPvgA==",
      "dev": true,
      "license": "MIT"
    },
    "node_modules/js-tokens": {
      "version": "4.0.0",
      "resolved": "https://registry.npmjs.org/js-tokens/-/js-tokens-4.0.0.tgz",
      "integrity": "sha512-RdJUflcE3cUzKiMqQgsCu06FPu9UdIJO0beYbPhHN4k6apgJtifcoCtT9bcxOpYBtpD2kCM6Sbzg4CausW/PKQ==",
      "dev": true,
      "license": "MIT"
    },
    "node_modules/loose-envify": {
      "version": "1.4.0",
      "resolved": "https://registry.npmjs.org/loose-envify/-/loose-envify-1.4.0.tgz",
      "integrity": "sha512-lyuxPGr/Wfhrlem2CL/UcnUc1zcqKAImBDzukY7Y5F/yQiNdko6+fRLevlw1HgMySw7f611UIY408EtxRSoK3Q==",
      "dev": true,
      "license": "MIT",
      "dependencies": {
        "js-tokens": "^3.0.0 || ^4.0.0"
      },
      "bin": {
        "loose-envify": "cli.js"
      }
    },
    "node_modules/react": {
      "version": "18.3.1",
      "resolved": "https://registry.npmjs.org/react/-/react-18.3.1.tgz",
      "integrity": "sha512-wS+hAgJShR0KhEvPJArfuPVN1+Hz1t0Y6n5jLrGQbkb4urgPE/0Rve+1kMB1v/oWgHgm4WIcV+i7F2pTVj+2iQ==",
      "dev": true,
      "license": "MIT",
      "dependencies": {
        "loose-envify": "^1.1.0"
      },
      "engines": {
        "node": ">=0.10.0"
      }
    },
    "node_modules/zod": {
      "version": "3.25.76",
      "resolved": "https://registry.npmjs.org/zod/-/zod-3.25.76.tgz",
      "integrity": "sha512-gzUt/qt81nXsFGKIFcC3YnfEAx5NkunCfnDlvuBSSFS02bcXu4Lmea0AFIUwbLWxWPx3d9p8S5QoaujKcNQxcQ==",
      "dev": true,
      "license": "MIT",
      "funding": {
        "url": "https://github.com/sponsors/colinhacks"
      }
    },
    "node_modules/zod-to-json-schema": {
      "version": "3.25.2",
      "resolved": "https://registry.npmjs.org/zod-to-json-schema/-/zod-to-json-schema-3.25.2.tgz",
      "integrity": "sha512-O/PgfnpT1xKSDeQYSCfRI5Gy3hPf91mKVDuYLUHZJMiDFptvP41MSnWofm8dnCm0256ZNfZIM7DSzuSMAFnjHA==",
      "dev": true,
      "license": "ISC",
      "peerDependencies": {
        "zod": "^3.25.28 || ^4"
      }
    }
  }
}
