{
  "name": "openedu-library",
  "version": "0.1.0",
  "lockfileVersion": 3,
  "requires": true,
  "packages": {
    "": {
      "name": "openedu-library",
      "version": "0.1.0",
      "devDependencies": {
        "@open-edu/registry": "^0.1.0"
      },
      "engines": {
        "node": ">=20"
      }
    },
    "node_modules/@open-edu/oep-distribution": {
      "version": "0.1.0",
      "resolved": "file:../../../../tmp/oe-tarballs/open-edu-oep-distribution-0.1.0.tgz",
      "integrity": "sha512-fz0kgx5me7hljdyolmBrHbRyrYhKGLPmGQ6Rec93A3PLENCBR8hUJiHysJef9X0k9QQmk3MPxXtqAfbPmjnPXg==",
      "dev": true,
      "dependencies": {
        "@open-edu/schemas": "^0.1.0",
        "fflate": "^0.8.2"
      }
    },
    "node_modules/@open-edu/registry": {
      "version": "0.1.0",
      "resolved": "file:../../../../tmp/oe-tarballs/open-edu-registry-0.1.0.tgz",
      "integrity": "sha512-5IDniXk8Mhk3fLYK/dAPT0doVNoC5bieLPaUg7W0CjEAFMiANxEEEphZ0dFvGW9SinF2Ys8lS0/IDRO13pYv2g==",
      "dev": true,
      "dependencies": {
        "@open-edu/oep-distribution": "^0.1.0",
        "@open-edu/schemas": "^0.1.0"
      },
      "bin": {
        "open-edu-registry": "dist/cli.js"
      },
      "engines": {
        "node": ">=18"
      }
    },
    "node_modules/@open-edu/schemas": {
      "version": "0.1.0",
      "resolved": "file:../../../../tmp/oe-tarballs/open-edu-schemas-0.1.0.tgz",
      "integrity": "sha512-BdwxARVkLqVQx/dgO+La5hNcIDUneZ/qMKJR2bXDQK7R+paZTlS37FlJTOmgTsv9Ov0eSig7yNd8m3SYYQPzpw==",
      "dev": true,
      "dependencies": {
        "zod": "^3.22.0",
        "zod-to-json-schema": "^3.22.0"
      }
    },
    "node_modules/fflate": {
      "version": "0.8.3",
      "resolved": "https://registry.npmjs.org/fflate/-/fflate-0.8.3.tgz",
      "integrity": "sha512-tbZNuJrLwGUp3zshBtdy4W+ORxZuIh8a5ilyIEQDC5rY1f3U20JMry0Ll3WBzU58EZKsEuJFXhb5gwv8CsPvgA==",
      "dev": true,
      "license": "MIT"
    },
    "node_modules/zod": {
      "version": "3.25.76",
      "resolved": "https://registry.npmjs.org/zod/-/zod-3.25.76.tgz",
      "integrity": "sha512-gzUt/qt81nXsFGKIFcC3YnfEAx5NkunCfnDlvuBSSFS02bcXu4Lmea0AFIUwbLWxWPx3d9p8S5QoaujKcNQxcQ==",
      "dev": true,
      "license": "MIT",
      "funding": {
        "url": "https://github.com/sponsors/colinhacks"
      }
    },
    "node_modules/zod-to-json-schema": {
      "version": "3.25.2",
      "resolved": "https://registry.npmjs.org/zod-to-json-schema/-/zod-to-json-schema-3.25.2.tgz",
      "integrity": "sha512-O/PgfnpT1xKSDeQYSCfRI5Gy3hPf91mKVDuYLUHZJMiDFptvP41MSnWofm8dnCm0256ZNfZIM7DSzuSMAFnjHA==",
      "dev": true,
      "license": "ISC",
      "peerDependencies": {
        "zod": "^3.25.28 || ^4"
      }
    }
  }
}
